// !$*UTF8*$!
{
	archiveVersion = 1;
	classes = {
	};
	objectVersion = 46;
	objects = {

/* Begin PBXBuildFile section */
		DCA4A8A61A52E44000D26F30 /* Main.storyboard in Resources */ = {isa = PBXBuildFile; fileRef = DCA4A8A51A52E44000D26F30 /* Main.storyboard */; };
		DCA4A8A81A52E6EA00D26F30 /* ViewController.swift in Sources */ = {isa = PBXBuildFile; fileRef = DCA4A8A71A52E6EA00D26F30 /* ViewController.swift */; };
		DCA4A8AA1A53BAD600D26F30 /* QuoteBook.swift in Sources */ = {isa = PBXBuildFile; fileRef = DCA4A8A91A53BAD600D26F30 /* QuoteBook.swift */; };
		DCA4A8AC1A53D45700D26F30 /* ColorWheel.swift in Sources */ = {isa = PBXBuildFile; fileRef = DCA4A8AB1A53D45700D26F30 /* ColorWheel.swift */; };
		DCF6B22D1A529F580059ACFC /* AppDelegate.swift in Sources */ = {isa = PBXBuildFile; fileRef = DCF6B22C1A529F580059ACFC /* AppDelegate.swift */; };
		DCF6B22F1A529F580059ACFC /* OldViewController.swift in Sources */ = {isa = PBXBuildFile; fileRef = DCF6B22E1A529F580059ACFC /* OldViewController.swift */; };
		DCF6B2321A529F580059ACFC /* Old.storyboard in Resources */ = {isa = PBXBuildFile; fileRef = DCF6B2301A529F580059ACFC /* Old.storyboard */; };
		DCF6B2341A529F580059ACFC /* Images.xcassets in Resources */ = {isa = PBXBuildFile; fileRef = DCF6B2331A529F580059ACFC /* Images.xcassets */; };
		DCF6B2371A529F580059ACFC /* LaunchScreen.xib in Resources */ = {isa = PBXBuildFile; fileRef = DCF6B2351A529F580059ACFC /* LaunchScreen.xib */; };
		DCF6B2431A529F590059ACFC /* SwiftOneTests.swift in Sources */ = {isa = PBXBuildFile; fileRef = DCF6B2421A529F590059ACFC /* SwiftOneTests.swift */; };
		DCF6B24D1A529FE50059ACFC /* TipCalculatorModel.swift in Sources */ = {isa = PBXBuildFile; fileRef = DCF6B24C1A529FE50059ACFC /* TipCalculatorModel.swift */; };
/* End PBXBuildFile section */

/* Begin PBXContainerItemProxy section */
		DCF6B23D1A529F590059ACFC /* PBXContainerItemProxy */ = {
			isa = PBXContainerItemProxy;
			containerPortal = DCF6B21F1A529F580059ACFC /* Project object */;
			proxyType = 1;
			remoteGlobalIDString = DCF6B2261A529F580059ACFC;
			remoteInfo = SwiftOne;
		};
/* End PBXContainerItemProxy section */

/* Begin PBXFileReference section */
		DCA4A8A31A52DF0A00D26F30 /* Scratchpad.playground */ = {isa = PBXFileReference; lastKnownFileType = file.playground; path = Scratchpad.playground; sourceTree = "<group>"; };
		DCA4A8A51A52E44000D26F30 /* Main.storyboard */ = {isa = PBXFileReference; fileEncoding = 4; lastKnownFileType = file.storyboard; name = Main.storyboard; path = ../Main.storyboard; sourceTree = "<group>"; };
		DCA4A8A71A52E6EA00D26F30 /* ViewController.swift */ = {isa = PBXFileReference; fileEncoding = 4; lastKnownFileType = sourcecode.swift; path = ViewController.swift; sourceTree = "<group>"; };
		DCA4A8A91A53BAD600D26F30 /* QuoteBook.swift */ = {isa = PBXFileReference; fileEncoding = 4; lastKnownFileType = sourcecode.swift; path = QuoteBook.swift; sourceTree = "<group>"; };
		DCA4A8AB1A53D45700D26F30 /* ColorWheel.swift */ = {isa = PBXFileReference; fileEncoding = 4; lastKnownFileType = sourcecode.swift; path = ColorWheel.swift; sourceTree = "<group>"; };
		DCF6B2271A529F580059ACFC /* SwiftOne.app */ = {isa = PBXFileReference; explicitFileType = wrapper.application; includeInIndex = 0; path = SwiftOne.app; sourceTree = BUILT_PRODUCTS_DIR; };
		DCF6B22B1A529F580059ACFC /* Info.plist */ = {isa = PBXFileReference; lastKnownFileType = text.plist.xml; path = Info.plist; sourceTree = "<group>"; };
		DCF6B22C1A529F580059ACFC /* AppDelegate.swift */ = {isa = PBXFileReference; lastKnownFileType = sourcecode.swift; path = AppDelegate.swift; sourceTree = "<group>"; };
		DCF6B22E1A529F580059ACFC /* OldViewController.swift */ = {isa = PBXFileReference; lastKnownFileType = sourcecode.swift; path = OldViewController.swift; sourceTree = "<group>"; };
		DCF6B2311A529F580059ACFC /* Base */ = {isa = PBXFileReference; lastKnownFileType = file.storyboard; name = Base; path = Base.lproj/Old.storyboard; sourceTree = "<group>"; };
		DCF6B2331A529F580059ACFC /* Images.xcassets */ = {isa = PBXFileReference; lastKnownFileType = folder.assetcatalog; path = Images.xcassets; sourceTree = "<group>"; };
		DCF6B2361A529F580059ACFC /* Base */ = {isa = PBXFileReference; lastKnownFileType = file.xib; name = Base; path = Base.lproj/LaunchScreen.xib; sourceTree = "<group>"; };
		DCF6B23C1A529F590059ACFC /* SwiftOneTests.xctest */ = {isa = PBXFileReference; explicitFileType = wrapper.cfbundle; includeInIndex = 0; path = SwiftOneTests.xctest; sourceTree = BUILT_PRODUCTS_DIR; };
		DCF6B2411A529F590059ACFC /* Info.plist */ = {isa = PBXFileReference; lastKnownFileType = text.plist.xml; path = Info.plist; sourceTree = "<group>"; };
		DCF6B2421A529F590059ACFC /* SwiftOneTests.swift */ = {isa = PBXFileReference; lastKnownFileType = sourcecode.swift; path = SwiftOneTests.swift; sourceTree = "<group>"; };
		DCF6B24C1A529FE50059ACFC /* TipCalculatorModel.swift */ = {isa = PBXFileReference; fileEncoding = 4; lastKnownFileType = sourcecode.swift; path = TipCalculatorModel.swift; sourceTree = "<group>"; };
		DCF6B24E1A52C57C0059ACFC /* SwiftOne.playground */ = {isa = PBXFileReference; lastKnownFileType = file.playground; path = SwiftOne.playground; sourceTree = "<group>"; };
/* End PBXFileReference section */

/* Begin PBXFrameworksBuildPhase section */
		DCF6B2241A529F580059ACFC /* Frameworks */ = {
			isa = PBXFrameworksBuildPhase;
			buildActionMask = 2147483647;
			files = (
			);
			runOnlyForDeploymentPostprocessing = 0;
		};
		DCF6B2391A529F590059ACFC /* Frameworks */ = {
			isa = PBXFrameworksBuildPhase;
			buildActionMask = 2147483647;
			files = (
			);
			runOnlyForDeploymentPostprocessing = 0;
		};
/* End PBXFrameworksBuildPhase section */

/* Begin PBXGroup section */
		DCA4A8A41A52DF1300D26F30 /* Playgrounds */ = {
			isa = PBXGroup;
			children = (
				DCA4A8A31A52DF0A00D26F30 /* Scratchpad.playground */,
				DCF6B24E1A52C57C0059ACFC /* SwiftOne.playground */,
			);
			name = Playgrounds;
			sourceTree = "<group>";
		};
		DCF6B21E1A529F580059ACFC = {
			isa = PBXGroup;
			children = (
				DCA4A8A71A52E6EA00D26F30 /* ViewController.swift */,
				DCF6B24C1A529FE50059ACFC /* TipCalculatorModel.swift */,
				DCF6B2291A529F580059ACFC /* SwiftOne */,
				DCF6B23F1A529F590059ACFC /* SwiftOneTests */,
				DCF6B2281A529F580059ACFC /* Products */,
				DCA4A8A41A52DF1300D26F30 /* Playgrounds */,
			);
			sourceTree = "<group>";
		};
		DCF6B2281A529F580059ACFC /* Products */ = {
			isa = PBXGroup;
			children = (
				DCF6B2271A529F580059ACFC /* SwiftOne.app */,
				DCF6B23C1A529F590059ACFC /* SwiftOneTests.xctest */,
			);
			name = Products;
			sourceTree = "<group>";
		};
		DCF6B2291A529F580059ACFC /* SwiftOne */ = {
			isa = PBXGroup;
			children = (
				DCA4A8A51A52E44000D26F30 /* Main.storyboard */,
				DCF6B22C1A529F580059ACFC /* AppDelegate.swift */,
				DCA4A8A91A53BAD600D26F30 /* QuoteBook.swift */,
				DCF6B22E1A529F580059ACFC /* OldViewController.swift */,
				DCF6B2301A529F580059ACFC /* Old.storyboard */,
				DCF6B2331A529F580059ACFC /* Images.xcassets */,
				DCF6B2351A529F580059ACFC /* LaunchScreen.xib */,
				DCF6B22A1A529F580059ACFC /* Supporting Files */,
				DCA4A8AB1A53D45700D26F30 /* ColorWheel.swift */,
			);
			path = SwiftOne;
			sourceTree = "<group>";
		};
		DCF6B22A1A529F580059ACFC /* Supporting Files */ = {
			isa = PBXGroup;
			children = (
				DCF6B22B1A529F580059ACFC /* Info.plist */,
			);
			name = "Supporting Files";
			sourceTree = "<group>";
		};
		DCF6B23F1A529F590059ACFC /* SwiftOneTests */ = {
			isa = PBXGroup;
			children = (
				DCF6B2421A529F590059ACFC /* SwiftOneTests.swift */,
				DCF6B2401A529F590059ACFC /* Supporting Files */,
			);
			path = SwiftOneTests;
			sourceTree = "<group>";
		};
		DCF6B2401A529F590059ACFC /* Supporting Files */ = {
			isa = PBXGroup;
			children = (
				DCF6B2411A529F590059ACFC /* Info.plist */,
			);
			name = "Supporting Files";
			sourceTree = "<group>";
		};
/* End PBXGroup section */

/* Begin PBXNativeTarget section */
		DCF6B2261A529F580059ACFC /* SwiftOne */ = {
			isa = PBXNativeTarget;
			buildConfigurationList = DCF6B2461A529F590059ACFC /* Build configuration list for PBXNativeTarget "SwiftOne" */;
			buildPhases = (
				DCF6B2231A529F580059ACFC /* Sources */,
				DCF6B2241A529F580059ACFC /* Frameworks */,
				DCF6B2251A529F580059ACFC /* Resources */,
			);
			buildRules = (
			);
			dependencies = (
			);
			name = SwiftOne;
			productName = SwiftOne;
			productReference = DCF6B2271A529F580059ACFC /* SwiftOne.app */;
			productType = "com.apple.product-type.application";
		};
		DCF6B23B1A529F590059ACFC /* SwiftOneTests */ = {
			isa = PBXNativeTarget;
			buildConfigurationList = DCF6B2491A529F590059ACFC /* Build configuration list for PBXNativeTarget "SwiftOneTests" */;
			buildPhases = (
				DCF6B2381A529F590059ACFC /* Sources */,
				DCF6B2391A529F590059ACFC /* Frameworks */,
				DCF6B23A1A529F590059ACFC /* Resources */,
			);
			buildRules = (
			);
			dependencies = (
				DCF6B23E1A529F590059ACFC /* PBXTargetDependency */,
			);
			name = SwiftOneTests;
			productName = SwiftOneTests;
			productReference = DCF6B23C1A529F590059ACFC /* SwiftOneTests.xctest */;
			productType = "com.apple.product-type.bundle.unit-test";
		};
/* End PBXNativeTarget section */

/* Begin PBXProject section */
		DCF6B21F1A529F580059ACFC /* Project object */ = {
			isa = PBXProject;
			attributes = {
				LastUpgradeCheck = 0610;
				ORGANIZATIONNAME = codesdk;
				TargetAttributes = {
					DCF6B2261A529F580059ACFC = {
						CreatedOnToolsVersion = 6.1.1;
					};
					DCF6B23B1A529F590059ACFC = {
						CreatedOnToolsVersion = 6.1.1;
						TestTargetID = DCF6B2261A529F580059ACFC;
					};
				};
			};
			buildConfigurationList = DCF6B2221A529F580059ACFC /* Build configuration list for PBXProject "SwiftOne" */;
			compatibilityVersion = "Xcode 3.2";
			developmentRegion = English;
			hasScannedForEncodings = 0;
			knownRegions = (
				en,
				Base,
			);
			mainGroup = DCF6B21E1A529F580059ACFC;
			productRefGroup = DCF6B2281A529F580059ACFC /* Products */;
			projectDirPath = "";
			projectRoot = "";
			targets = (
				DCF6B2261A529F580059ACFC /* SwiftOne */,
				DCF6B23B1A529F590059ACFC /* SwiftOneTests */,
			);
		};
/* End PBXProject section */

/* Begin PBXResourcesBuildPhase section */
		DCF6B2251A529F580059ACFC /* Resources */ = {
			isa = PBXResourcesBuildPhase;
			buildActionMask = 2147483647;
			files = (
				DCF6B2321A529F580059ACFC /* Old.storyboard in Resources */,
				DCF6B2371A529F580059ACFC /* LaunchScreen.xib in Resources */,
				DCF6B2341A529F580059ACFC /* Images.xcassets in Resources */,
				DCA4A8A61A52E44000D26F30 /* Main.storyboard in Resources */,
			);
			runOnlyForDeploymentPostprocessing = 0;
		};
		DCF6B23A1A529F590059ACFC /* Resources */ = {
			isa = PBXResourcesBuildPhase;
			buildActionMask = 2147483647;
			files = (
			);
			runOnlyForDeploymentPostprocessing = 0;
		};
/* End PBXResourcesBuildPhase section */

/* Begin PBXSourcesBuildPhase section */
		DCF6B2231A529F580059ACFC /* Sources */ = {
			isa = PBXSourcesBuildPhase;
			buildActionMask = 2147483647;
			files = (
				DCF6B24D1A529FE50059ACFC /* TipCalculatorModel.swift in Sources */,
				DCA4A8AA1A53BAD600D26F30 /* QuoteBook.swift in Sources */,
				DCF6B22F1A529F580059ACFC /* OldViewController.swift in Sources */,
				DCA4A8A81A52E6EA00D26F30 /* ViewController.swift in Sources */,
				DCF6B22D1A529F580059ACFC /* AppDelegate.swift in Sources */,
				DCA4A8AC1A53D45700D26F30 /* ColorWheel.swift in Sources */,
			);
			runOnlyForDeploymentPostprocessing = 0;
		};
		DCF6B2381A529F590059ACFC /* Sources */ = {
			isa = PBXSourcesBuildPhase;
			buildActionMask = 2147483647;
			files = (
				DCF6B2431A529F590059ACFC /* SwiftOneTests.swift in Sources */,
			);
			runOnlyForDeploymentPostprocessing = 0;
		};
/* End PBXSourcesBuildPhase section */

/* Begin PBXTargetDependency section */
		DCF6B23E1A529F590059ACFC /* PBXTargetDependency */ = {
			isa = PBXTargetDependency;
			target = DCF6B2261A529F580059ACFC /* SwiftOne */;
			targetProxy = DCF6B23D1A529F590059ACFC /* PBXContainerItemProxy */;
		};
/* End PBXTargetDependency section */

/* Begin PBXVariantGroup section */
		DCF6B2301A529F580059ACFC /* Old.storyboard */ = {
			isa = PBXVariantGroup;
			children = (
				DCF6B2311A529F580059ACFC /* Base */,
			);
			name = Old.storyboard;
			sourceTree = "<group>";
		};
		DCF6B2351A529F580059ACFC /* LaunchScreen.xib */ = {
			isa = PBXVariantGroup;
			children = (
				DCF6B2361A529F580059ACFC /* Base */,
			);
			name = LaunchScreen.xib;
			sourceTree = "<group>";
		};
/* End PBXVariantGroup section */

/* Begin XCBuildConfiguration section */
		DCF6B2441A529F590059ACFC /* Debug */ = {
			isa = XCBuildConfiguration;
			buildSettings = {
				ALWAYS_SEARCH_USER_PATHS = NO;
				CLANG_CXX_LANGUAGE_STANDARD = "gnu++0x";
				CLANG_CXX_LIBRARY = "libc++";
				CLANG_ENABLE_MODULES = YES;
				CLANG_ENABLE_OBJC_ARC = YES;
				CLANG_WARN_BOOL_CONVERSION = YES;
				CLANG_WARN_CONSTANT_CONVERSION = YES;
				CLANG_WARN_DIRECT_OBJC_ISA_USAGE = YES_ERROR;
				CLANG_WARN_EMPTY_BODY = YES;
				CLANG_WARN_ENUM_CONVERSION = YES;
				CLANG_WARN_INT_CONVERSION = YES;
				CLANG_WARN_OBJC_ROOT_CLASS = YES_ERROR;
				CLANG_WARN_UNREACHABLE_CODE = YES;
				CLANG_WARN__DUPLICATE_METHOD_MATCH = YES;
				"CODE_SIGN_IDENTITY[sdk=iphoneos*]" = "iPhone Developer";
				COPY_PHASE_STRIP = NO;
				ENABLE_STRICT_OBJC_MSGSEND = YES;
				GCC_C_LANGUAGE_STANDARD = gnu99;
				GCC_DYNAMIC_NO_PIC = NO;
				GCC_OPTIMIZATION_LEVEL = 0;
				GCC_PREPROCESSOR_DEFINITIONS = (
					"DEBUG=1",
					"$(inherited)",
				);
				GCC_SYMBOLS_PRIVATE_EXTERN = NO;
				GCC_WARN_64_TO_32_BIT_CONVERSION = YES;
				GCC_WARN_ABOUT_RETURN_TYPE = YES_ERROR;
				GCC_WARN_UNDECLARED_SELECTOR = YES;
				GCC_WARN_UNINITIALIZED_AUTOS = YES_AGGRESSIVE;
				GCC_WARN_UNUSED_FUNCTION = YES;
				GCC_WARN_UNUSED_VARIABLE = YES;
				IPHONEOS_DEPLOYMENT_TARGET = 8.1;
				MTL_ENABLE_DEBUG_INFO = YES;
				ONLY_ACTIVE_ARCH = YES;
				SDKROOT = iphoneos;
				SWIFT_OPTIMIZATION_LEVEL = "-Onone";
				TARGETED_DEVICE_FAMILY = "1,2";
			};
			name = Debug;
		};
		DCF6B2451A529F590059ACFC /* Release */ = {
			isa = XCBuildConfiguration;
			buildSettings = {
				ALWAYS_SEARCH_USER_PATHS = NO;
				CLANG_CXX_LANGUAGE_STANDARD = "gnu++0x";
				CLANG_CXX_LIBRARY = "libc++";
				CLANG_ENABLE_MODULES = YES;
				CLANG_ENABLE_OBJC_ARC = YES;
				CLANG_WARN_BOOL_CONVERSION = YES;
				CLANG_WARN_CONSTANT_CONVERSION = YES;
				CLANG_WARN_DIRECT_OBJC_ISA_USAGE = YES_ERROR;
				CLANG_WARN_EMPTY_BODY = YES;
				CLANG_WARN_ENUM_CONVERSION = YES;
				CLANG_WARN_INT_CONVERSION = YES;
				CLANG_WARN_OBJC_ROOT_CLASS = YES_ERROR;
				CLANG_WARN_UNREACHABLE_CODE = YES;
				CLANG_WARN__DUPLICATE_METHOD_MATCH = YES;
				"CODE_SIGN_IDENTITY[sdk=iphoneos*]" = "iPhone Developer";
				COPY_PHASE_STRIP = YES;
				ENABLE_NS_ASSERTIONS = NO;
				ENABLE_STRICT_OBJC_MSGSEND = YES;
				GCC_C_LANGUAGE_STANDARD = gnu99;
				GCC_WARN_64_TO_32_BIT_CONVERSION = YES;
				GCC_WARN_ABOUT_RETURN_TYPE = YES_ERROR;
				GCC_WARN_UNDECLARED_SELECTOR = YES;
				GCC_WARN_UNINITIALIZED_AUTOS = YES_AGGRESSIVE;
				GCC_WARN_UNUSED_FUNCTION = YES;
				GCC_WARN_UNUSED_VARIABLE = YES;
				IPHONEOS_DEPLOYMENT_TARGET = 8.1;
				MTL_ENABLE_DEBUG_INFO = NO;
				SDKROOT = iphoneos;
				TARGETED_DEVICE_FAMILY = "1,2";
				VALIDATE_PRODUCT = YES;
			};
			name = Release;
		};
		DCF6B2471A529F590059ACFC /* Debug */ = {
			isa = XCBuildConfiguration;
			buildSettings = {
				ASSETCATALOG_COMPILER_APPICON_NAME = AppIcon;
				INFOPLIST_FILE = SwiftOne/Info.plist;
				LD_RUNPATH_SEARCH_PATHS = "$(inherited) @executable_path/Frameworks";
				PRODUCT_NAME = "$(TARGET_NAME)";
			};
			name = Debug;
		};
		DCF6B2481A529F590059ACFC /* Release */ = {
			isa = XCBuildConfiguration;
			buildSettings = {
				ASSETCATALOG_COMPILER_APPICON_NAME = AppIcon;
				INFOPLIST_FILE = SwiftOne/Info.plist;
				LD_RUNPATH_SEARCH_PATHS = "$(inherited) @executable_path/Frameworks";
				PRODUCT_NAME = "$(TARGET_NAME)";
			};
			name = Release;
		};
		DCF6B24A1A529F590059ACFC /* Debug */ = {
			isa = XCBuildConfiguration;
			buildSettings = {
				BUNDLE_LOADER = "$(TEST_HOST)";
				FRAMEWORK_SEARCH_PATHS = (
					"$(SDKROOT)/Developer/Library/Frameworks",
					"$(inherited)",
				);
				GCC_PREPROCESSOR_DEFINITIONS = (
					"DEBUG=1",
					"$(inherited)",
				);
				INFOPLIST_FILE = SwiftOneTests/Info.plist;
				LD_RUNPATH_SEARCH_PATHS = "$(inherited) @executable_path/Frameworks @loader_path/Frameworks";
				PRODUCT_NAME = "$(TARGET_NAME)";
				TEST_HOST = "$(BUILT_PRODUCTS_DIR)/SwiftOne.app/SwiftOne";
			};
			name = Debug;
		};
		DCF6B24B1A529F590059ACFC /* Release */ = {
			isa = XCBuildConfiguration;
			buildSettings = {
				BUNDLE_LOADER = "$(TEST_HOST)";
				FRAMEWORK_SEARCH_PATHS = (
					"$(SDKROOT)/Developer/Library/Frameworks",
					"$(inherited)",
				);
				INFOPLIST_FILE = SwiftOneTests/Info.plist;
				LD_RUNPATH_SEARCH_PATHS = "$(inherited) @executable_path/Frameworks @loader_path/Frameworks";
				PRODUCT_NAME = "$(TARGET_NAME)";
				TEST_HOST = "$(BUILT_PRODUCTS_DIR)/SwiftOne.app/SwiftOne";
			};
			name = Release;
		};
/* End XCBuildConfiguration section */

/* Begin XCConfigurationList section */
		DCF6B2221A529F580059ACFC /* Build configuration list for PBXProject "SwiftOne" */ = {
			isa = XCConfigurationList;
			buildConfigurations = (
				DCF6B2441A529F590059ACFC /* Debug */,
				DCF6B2451A529F590059ACFC /* Release */,
			);
			defaultConfigurationIsVisible = 0;
			defaultConfigurationName = Release;
		};
		DCF6B2461A529F590059ACFC /* Build configuration list for PBXNativeTarget "SwiftOne" */ = {
			isa = XCConfigurationList;
			buildConfigurations = (
				DCF6B2471A529F590059ACFC /* Debug */,
				DCF6B2481A529F590059ACFC /* Release */,
			);
			defaultConfigurationIsVisible = 0;
			defaultConfigurationName = Release;
		};
		DCF6B2491A529F590059ACFC /* Build configuration list for PBXNativeTarget "SwiftOneTests" */ = {
			isa = XCConfigurationList;
			buildConfigurations = (
				DCF6B24A1A529F590059ACFC /* Debug */,
				DCF6B24B1A529F590059ACFC /* Release */,
			);
			defaultConfigurationIsVisible = 0;
			defaultConfigurationName = Release;
		};
/* End XCConfigurationList section */
	};
	rootObject = DCF6B21F1A529F580059ACFC /* Project object */;
}
